// !$*UTF8*$!
{
	archiveVersion = 1;
	classes = {
	};
	objectVersion = 51;
	objects = {

/* Begin PBXBuildFile section */
		A5AA40DA2A4CE07A56E4A228 /* Pods_GithubAllUsers.framework in Frameworks */ = {isa = PBXBuildFile; fileRef = 31EFA5F2137252C40E582045 /* Pods_GithubAllUsers.framework */; };
		D35D01DC240DC7E8002B3400 /* AppDelegate.swift in Sources */ = {isa = PBXBuildFile; fileRef = D35D01DB240DC7E8002B3400 /* AppDelegate.swift */; };
		D35D01DE240DC7E8002B3400 /* SceneDelegate.swift in Sources */ = {isa = PBXBuildFile; fileRef = D35D01DD240DC7E8002B3400 /* SceneDelegate.swift */; };
		D35D01E0240DC7E8002B3400 /* ViewController.swift in Sources */ = {isa = PBXBuildFile; fileRef = D35D01DF240DC7E8002B3400 /* ViewController.swift */; };
		D35D01E3240DC7E8002B3400 /* Main.storyboard in Resources */ = {isa = PBXBuildFile; fileRef = D35D01E1240DC7E8002B3400 /* Main.storyboard */; };
		D35D01E5240DC7E9002B3400 /* Assets.xcassets in Resources */ = {isa = PBXBuildFile; fileRef = D35D01E4240DC7E9002B3400 /* Assets.xcassets */; };
		D35D01E8240DC7E9002B3400 /* LaunchScreen.storyboard in Resources */ = {isa = PBXBuildFile; fileRef = D35D01E6240DC7E9002B3400 /* LaunchScreen.storyboard */; };
		D35D01F4240DCD66002B3400 /* User.swift in Sources */ = {isa = PBXBuildFile; fileRef = D35D01F3240DCD66002B3400 /* User.swift */; };
		D35D01F6240DD406002B3400 /* UserService.swift in Sources */ = {isa = PBXBuildFile; fileRef = D35D01F5240DD406002B3400 /* UserService.swift */; };
		D35D01F8240DD7DD002B3400 /* WebLinking.swift in Sources */ = {isa = PBXBuildFile; fileRef = D35D01F7240DD7DD002B3400 /* WebLinking.swift */; };
/* End PBXBuildFile section */

/* Begin PBXFileReference section */
		05906890242200E7C6A80C21 /* Pods-GithubAllUsers.release.xcconfig */ = {isa = PBXFileReference; includeInIndex = 1; lastKnownFileType = text.xcconfig; name = "Pods-GithubAllUsers.release.xcconfig"; path = "Target Support Files/Pods-GithubAllUsers/Pods-GithubAllUsers.release.xcconfig"; sourceTree = "<group>"; };
		31EFA5F2137252C40E582045 /* Pods_GithubAllUsers.framework */ = {isa = PBXFileReference; explicitFileType = wrapper.framework; includeInIndex = 0; path = Pods_GithubAllUsers.framework; sourceTree = BUILT_PRODUCTS_DIR; };
		801E195A25FB3FA3CB55DAED /* Pods-GithubAllUsers.debug.xcconfig */ = {isa = PBXFileReference; includeInIndex = 1; lastKnownFileType = text.xcconfig; name = "Pods-GithubAllUsers.debug.xcconfig"; path = "Target Support Files/Pods-GithubAllUsers/Pods-GithubAllUsers.debug.xcconfig"; sourceTree = "<group>"; };
		D35D01D8240DC7E8002B3400 /* GithubAllUsers.app */ = {isa = PBXFileReference; explicitFileType = wrapper.application; includeInIndex = 0; path = GithubAllUsers.app; sourceTree = BUILT_PRODUCTS_DIR; };
		D35D01DB240DC7E8002B3400 /* AppDelegate.swift */ = {isa = PBXFileReference; lastKnownFileType = sourcecode.swift; path = AppDelegate.swift; sourceTree = "<group>"; };
		D35D01DD240DC7E8002B3400 /* SceneDelegate.swift */ = {isa = PBXFileReference; lastKnownFileType = sourcecode.swift; path = SceneDelegate.swift; sourceTree = "<group>"; };
		D35D01DF240DC7E8002B3400 /* ViewController.swift */ = {isa = PBXFileReference; lastKnownFileType = sourcecode.swift; path = ViewController.swift; sourceTree = "<group>"; };
		D35D01E2240DC7E8002B3400 /* Base */ = {isa = PBXFileReference; lastKnownFileType = file.storyboard; name = Base; path = Base.lproj/Main.storyboard; sourceTree = "<group>"; };
		D35D01E4240DC7E9002B3400 /* Assets.xcassets */ = {isa = PBXFileReference; lastKnownFileType = folder.assetcatalog; path = Assets.xcassets; sourceTree = "<group>"; };
		D35D01E7240DC7E9002B3400 /* Base */ = {isa = PBXFileReference; lastKnownFileType = file.storyboard; name = Base; path = Base.lproj/LaunchScreen.storyboard; sourceTree = "<group>"; };
		D35D01E9240DC7E9002B3400 /* Info.plist */ = {isa = PBXFileReference; lastKnownFileType = text.plist.xml; path = Info.plist; sourceTree = "<group>"; };
		D35D01F3240DCD66002B3400 /* User.swift */ = {isa = PBXFileReference; lastKnownFileType = sourcecode.swift; path = User.swift; sourceTree = "<group>"; };
		D35D01F5240DD406002B3400 /* UserService.swift */ = {isa = PBXFileReference; lastKnownFileType = sourcecode.swift; path = UserService.swift; sourceTree = "<group>"; };
		D35D01F7240DD7DD002B3400 /* WebLinking.swift */ = {isa = PBXFileReference; lastKnownFileType = sourcecode.swift; path = WebLinking.swift; sourceTree = "<group>"; };
/* End PBXFileReference section */

/* Begin PBXFrameworksBuildPhase section */
		D35D01D5240DC7E8002B3400 /* Frameworks */ = {
			isa = PBXFrameworksBuildPhase;
			buildActionMask = 2147483647;
			files = (
				A5AA40DA2A4CE07A56E4A228 /* Pods_GithubAllUsers.framework in Frameworks */,
			);
			runOnlyForDeploymentPostprocessing = 0;
		};
/* End PBXFrameworksBuildPhase section */

/* Begin PBXGroup section */
		94DBBEAC1A4720F19F480F8C /* Frameworks */ = {
			isa = PBXGroup;
			children = (
				31EFA5F2137252C40E582045 /* Pods_GithubAllUsers.framework */,
			);
			name = Frameworks;
			sourceTree = "<group>";
		};
		B73D1EC570888802FDFA9934 /* Pods */ = {
			isa = PBXGroup;
			children = (
				801E195A25FB3FA3CB55DAED /* Pods-GithubAllUsers.debug.xcconfig */,
				05906890242200E7C6A80C21 /* Pods-GithubAllUsers.release.xcconfig */,
			);
			path = Pods;
			sourceTree = "<group>";
		};
		D35D01CF240DC7E8002B3400 = {
			isa = PBXGroup;
			children = (
				D35D01DA240DC7E8002B3400 /* GithubAllUsers */,
				D35D01D9240DC7E8002B3400 /* Products */,
				B73D1EC570888802FDFA9934 /* Pods */,
				94DBBEAC1A4720F19F480F8C /* Frameworks */,
			);
			sourceTree = "<group>";
		};
		D35D01D9240DC7E8002B3400 /* Products */ = {
			isa = PBXGroup;
			children = (
				D35D01D8240DC7E8002B3400 /* GithubAllUsers.app */,
			);
			name = Products;
			sourceTree = "<group>";
		};
		D35D01DA240DC7E8002B3400 /* GithubAllUsers */ = {
			isa = PBXGroup;
			children = (
				D35D01F0240DCB66002B3400 /* Model */,
				D35D01F1240DCB6F002B3400 /* View */,
				D35D01F2240DCB7A002B3400 /* ViewModel */,
				D35D01EF240DCAF7002B3400 /* Supporting FIles */,
			);
			path = GithubAllUsers;
			sourceTree = "<group>";
		};
		D35D01EF240DCAF7002B3400 /* Supporting FIles */ = {
			isa = PBXGroup;
			children = (
				D35D01DB240DC7E8002B3400 /* AppDelegate.swift */,
				D35D01DD240DC7E8002B3400 /* SceneDelegate.swift */,
				D35D01E4240DC7E9002B3400 /* Assets.xcassets */,
				D35D01E6240DC7E9002B3400 /* LaunchScreen.storyboard */,
				D35D01E9240DC7E9002B3400 /* Info.plist */,
			);
			path = "Supporting FIles";
			sourceTree = "<group>";
		};
		D35D01F0240DCB66002B3400 /* Model */ = {
			isa = PBXGroup;
			children = (
				D35D01F3240DCD66002B3400 /* User.swift */,
			);
			path = Model;
			sourceTree = "<group>";
		};
		D35D01F1240DCB6F002B3400 /* View */ = {
			isa = PBXGroup;
			children = (
				D35D01DF240DC7E8002B3400 /* ViewController.swift */,
				D35D01E1240DC7E8002B3400 /* Main.storyboard */,
			);
			path = View;
			sourceTree = "<group>";
		};
		D35D01F2240DCB7A002B3400 /* ViewModel */ = {
			isa = PBXGroup;
			children = (
				D35D01F5240DD406002B3400 /* UserService.swift */,
				D35D01F7240DD7DD002B3400 /* WebLinking.swift */,
			);
			path = ViewModel;
			sourceTree = "<group>";
		};
/* End PBXGroup section */

/* Begin PBXNativeTarget section */
		D35D01D7240DC7E8002B3400 /* GithubAllUsers */ = {
			isa = PBXNativeTarget;
			buildConfigurationList = D35D01EC240DC7E9002B3400 /* Build configuration list for PBXNativeTarget "GithubAllUsers" */;
			buildPhases = (
				1696DFE3D50928DBD676B5E4 /* [CP] Check Pods Manifest.lock */,
				D35D01D4240DC7E8002B3400 /* Sources */,
				D35D01D5240DC7E8002B3400 /* Frameworks */,
				D35D01D6240DC7E8002B3400 /* Resources */,
				5E94A5ED1A29B8AA996A8E7D /* [CP] Embed Pods Frameworks */,
			);
			buildRules = (
			);
			dependencies = (
			);
			name = GithubAllUsers;
			productName = GithubAllUsers;
			productReference = D35D01D8240DC7E8002B3400 /* GithubAllUsers.app */;
			productType = "com.apple.product-type.application";
		};
/* End PBXNativeTarget section */

/* Begin PBXProject section */
		D35D01D0240DC7E8002B3400 /* Project object */ = {
			isa = PBXProject;
			attributes = {
				LastSwiftUpdateCheck = 1130;
				LastUpgradeCheck = 1130;
				ORGANIZATIONNAME = Laura;
				TargetAttributes = {
					D35D01D7240DC7E8002B3400 = {
						CreatedOnToolsVersion = 11.3.1;
					};
				};
			};
			buildConfigurationList = D35D01D3240DC7E8002B3400 /* Build configuration list for PBXProject "GithubAllUsers" */;
			compatibilityVersion = "Xcode 9.3";
			developmentRegion = en;
			hasScannedForEncodings = 0;
			knownRegions = (
				en,
				Base,
			);
			mainGroup = D35D01CF240DC7E8002B3400;
			productRefGroup = D35D01D9240DC7E8002B3400 /* Products */;
			projectDirPath = "";
			projectRoot = "";
			targets = (
				D35D01D7240DC7E8002B3400 /* GithubAllUsers */,
			);
		};
/* End PBXProject section */

/* Begin PBXResourcesBuildPhase section */
		D35D01D6240DC7E8002B3400 /* Resources */ = {
			isa = PBXResourcesBuildPhase;
			buildActionMask = 2147483647;
			files = (
				D35D01E8240DC7E9002B3400 /* LaunchScreen.storyboard in Resources */,
				D35D01E5240DC7E9002B3400 /* Assets.xcassets in Resources */,
				D35D01E3240DC7E8002B3400 /* Main.storyboard in Resources */,
			);
			runOnlyForDeploymentPostprocessing = 0;
		};
/* End PBXResourcesBuildPhase section */

/* Begin PBXShellScriptBuildPhase section */
		1696DFE3D50928DBD676B5E4 /* [CP] Check Pods Manifest.lock */ = {
			isa = PBXShellScriptBuildPhase;
			buildActionMask = 2147483647;
			files = (
			);
			inputFileListPaths = (
			);
			inputPaths = (
				"${PODS_PODFILE_DIR_PATH}/Podfile.lock",
				"${PODS_ROOT}/Manifest.lock",
			);
			name = "[CP] Check Pods Manifest.lock";
			outputFileListPaths = (
			);
			outputPaths = (
				"$(DERIVED_FILE_DIR)/Pods-GithubAllUsers-checkManifestLockResult.txt",
			);
			runOnlyForDeploymentPostprocessing = 0;
			shellPath = /bin/sh;
			shellScript = "diff \"${PODS_PODFILE_DIR_PATH}/Podfile.lock\" \"${PODS_ROOT}/Manifest.lock\" > /dev/null\nif [ $? != 0 ] ; then\n    # print error to STDERR\n    echo \"error: The sandbox is not in sync with the Podfile.lock. Run 'pod install' or update your CocoaPods installation.\" >&2\n    exit 1\nfi\n# This output is used by Xcode 'outputs' to avoid re-running this script phase.\necho \"SUCCESS\" > \"${SCRIPT_OUTPUT_FILE_0}\"\n";
			showEnvVarsInLog = 0;
		};
		5E94A5ED1A29B8AA996A8E7D /* [CP] Embed Pods Frameworks */ = {
			isa = PBXShellScriptBuildPhase;
			buildActionMask = 2147483647;
			files = (
			);
			inputFileListPaths = (
				"${PODS_ROOT}/Target Support Files/Pods-GithubAllUsers/Pods-GithubAllUsers-frameworks-${CONFIGURATION}-input-files.xcfilelist",
			);
			name = "[CP] Embed Pods Frameworks";
			outputFileListPaths = (
				"${PODS_ROOT}/Target Support Files/Pods-GithubAllUsers/Pods-GithubAllUsers-frameworks-${CONFIGURATION}-output-files.xcfilelist",
			);
			runOnlyForDeploymentPostprocessing = 0;
			shellPath = /bin/sh;
			shellScript = "\"${PODS_ROOT}/Target Support Files/Pods-GithubAllUsers/Pods-GithubAllUsers-frameworks.sh\"\n";
			showEnvVarsInLog = 0;
		};
/* End PBXShellScriptBuildPhase section */

/* Begin PBXSourcesBuildPhase section */
		D35D01D4240DC7E8002B3400 /* Sources */ = {
			isa = PBXSourcesBuildPhase;
			buildActionMask = 2147483647;
			files = (
				D35D01F4240DCD66002B3400 /* User.swift in Sources */,
				D35D01F6240DD406002B3400 /* UserService.swift in Sources */,
				D35D01E0240DC7E8002B3400 /* ViewController.swift in Sources */,
				D35D01DC240DC7E8002B3400 /* AppDelegate.swift in Sources */,
				D35D01DE240DC7E8002B3400 /* SceneDelegate.swift in Sources */,
				D35D01F8240DD7DD002B3400 /* WebLinking.swift in Sources */,
			);
			runOnlyForDeploymentPostprocessing = 0;
		};
/* End PBXSourcesBuildPhase section */

/* Begin PBXVariantGroup section */
		D35D01E1240DC7E8002B3400 /* Main.storyboard */ = {
			isa = PBXVariantGroup;
			children = (
				D35D01E2240DC7E8002B3400 /* Base */,
			);
			name = Main.storyboard;
			sourceTree = "<group>";
		};
		D35D01E6240DC7E9002B3400 /* LaunchScreen.storyboard */ = {
			isa = PBXVariantGroup;
			children = (
				D35D01E7240DC7E9002B3400 /* Base */,
			);
			name = LaunchScreen.storyboard;
			sourceTree = "<group>";
		};
/* End PBXVariantGroup section */

/* Begin XCBuildConfiguration section */
		D35D01EA240DC7E9002B3400 /* Debug */ = {
			isa = XCBuildConfiguration;
			buildSettings = {
				ALWAYS_SEARCH_USER_PATHS = NO;
				CLANG_ANALYZER_NONNULL = YES;
				CLANG_ANALYZER_NUMBER_OBJECT_CONVERSION = YES_AGGRESSIVE;
				CLANG_CXX_LANGUAGE_STANDARD = "gnu++14";
				CLANG_CXX_LIBRARY = "libc++";
				CLANG_ENABLE_MODULES = YES;
				CLANG_ENABLE_OBJC_ARC = YES;
				CLANG_ENABLE_OBJC_WEAK = YES;
				CLANG_WARN_BLOCK_CAPTURE_AUTORELEASING = YES;
				CLANG_WARN_BOOL_CONVERSION = YES;
				CLANG_WARN_COMMA = YES;
				CLANG_WARN_CONSTANT_CONVERSION = YES;
				CLANG_WARN_DEPRECATED_OBJC_IMPLEMENTATIONS = YES;
				CLANG_WARN_DIRECT_OBJC_ISA_USAGE = YES_ERROR;
				CLANG_WARN_DOCUMENTATION_COMMENTS = YES;
				CLANG_WARN_EMPTY_BODY = YES;
				CLANG_WARN_ENUM_CONVERSION = YES;
				CLANG_WARN_INFINITE_RECURSION = YES;
				CLANG_WARN_INT_CONVERSION = YES;
				CLANG_WARN_NON_LITERAL_NULL_CONVERSION = YES;
				CLANG_WARN_OBJC_IMPLICIT_RETAIN_SELF = YES;
				CLANG_WARN_OBJC_LITERAL_CONVERSION = YES;
				CLANG_WARN_OBJC_ROOT_CLASS = YES_ERROR;
				CLANG_WARN_RANGE_LOOP_ANALYSIS = YES;
				CLANG_WARN_STRICT_PROTOTYPES = YES;
				CLANG_WARN_SUSPICIOUS_MOVE = YES;
				CLANG_WARN_UNGUARDED_AVAILABILITY = YES_AGGRESSIVE;
				CLANG_WARN_UNREACHABLE_CODE = YES;
				CLANG_WARN__DUPLICATE_METHOD_MATCH = YES;
				COPY_PHASE_STRIP = NO;
				DEBUG_INFORMATION_FORMAT = dwarf;
				ENABLE_STRICT_OBJC_MSGSEND = YES;
				ENABLE_TESTABILITY = YES;
				GCC_C_LANGUAGE_STANDARD = gnu11;
				GCC_DYNAMIC_NO_PIC = NO;
				GCC_NO_COMMON_BLOCKS = YES;
				GCC_OPTIMIZATION_LEVEL = 0;
				GCC_PREPROCESSOR_DEFINITIONS = (
					"DEBUG=1",
					"$(inherited)",
				);
				GCC_WARN_64_TO_32_BIT_CONVERSION = YES;
				GCC_WARN_ABOUT_RETURN_TYPE = YES_ERROR;
				GCC_WARN_UNDECLARED_SELECTOR = YES;
				GCC_WARN_UNINITIALIZED_AUTOS = YES_AGGRESSIVE;
				GCC_WARN_UNUSED_FUNCTION = YES;
				GCC_WARN_UNUSED_VARIABLE = YES;
				IPHONEOS_DEPLOYMENT_TARGET = 13.2;
				MTL_ENABLE_DEBUG_INFO = INCLUDE_SOURCE;
				MTL_FAST_MATH = YES;
				ONLY_ACTIVE_ARCH = YES;
				SDKROOT = iphoneos;
				SWIFT_ACTIVE_COMPILATION_CONDITIONS = DEBUG;
				SWIFT_OPTIMIZATION_LEVEL = "-Onone";
			};
			name = Debug;
		};
		D35D01EB240DC7E9002B3400 /* Release */ = {
			isa = XCBuildConfiguration;
			buildSettings = {
				ALWAYS_SEARCH_USER_PATHS = NO;
				CLANG_ANALYZER_NONNULL = YES;
				CLANG_ANALYZER_NUMBER_OBJECT_CONVERSION = YES_AGGRESSIVE;
				CLANG_CXX_LANGUAGE_STANDARD = "gnu++14";
				CLANG_CXX_LIBRARY = "libc++";
				CLANG_ENABLE_MODULES = YES;
				CLANG_ENABLE_OBJC_ARC = YES;
				CLANG_ENABLE_OBJC_WEAK = YES;
				CLANG_WARN_BLOCK_CAPTURE_AUTORELEASING = YES;
				CLANG_WARN_BOOL_CONVERSION = YES;
				CLANG_WARN_COMMA = YES;
				CLANG_WARN_CONSTANT_CONVERSION = YES;
				CLANG_WARN_DEPRECATED_OBJC_IMPLEMENTATIONS = YES;
				CLANG_WARN_DIRECT_OBJC_ISA_USAGE = YES_ERROR;
				CLANG_WARN_DOCUMENTATION_COMMENTS = YES;
				CLANG_WARN_EMPTY_BODY = YES;
				CLANG_WARN_ENUM_CONVERSION = YES;
				CLANG_WARN_INFINITE_RECURSION = YES;
				CLANG_WARN_INT_CONVERSION = YES;
				CLANG_WARN_NON_LITERAL_NULL_CONVERSION = YES;
				CLANG_WARN_OBJC_IMPLICIT_RETAIN_SELF = YES;
				CLANG_WARN_OBJC_LITERAL_CONVERSION = YES;
				CLANG_WARN_OBJC_ROOT_CLASS = YES_ERROR;
				CLANG_WARN_RANGE_LOOP_ANALYSIS = YES;
				CLANG_WARN_STRICT_PROTOTYPES = YES;
				CLANG_WARN_SUSPICIOUS_MOVE = YES;
				CLANG_WARN_UNGUARDED_AVAILABILITY = YES_AGGRESSIVE;
				CLANG_WARN_UNREACHABLE_CODE = YES;
				CLANG_WARN__DUPLICATE_METHOD_MATCH = YES;
				COPY_PHASE_STRIP = NO;
				DEBUG_INFORMATION_FORMAT = "dwarf-with-dsym";
				ENABLE_NS_ASSERTIONS = NO;
				ENABLE_STRICT_OBJC_MSGSEND = YES;
				GCC_C_LANGUAGE_STANDARD = gnu11;
				GCC_NO_COMMON_BLOCKS = YES;
				GCC_WARN_64_TO_32_BIT_CONVERSION = YES;
				GCC_WARN_ABOUT_RETURN_TYPE = YES_ERROR;
				GCC_WARN_UNDECLARED_SELECTOR = YES;
				GCC_WARN_UNINITIALIZED_AUTOS = YES_AGGRESSIVE;
				GCC_WARN_UNUSED_FUNCTION = YES;
				GCC_WARN_UNUSED_VARIABLE = YES;
				IPHONEOS_DEPLOYMENT_TARGET = 13.2;
				MTL_ENABLE_DEBUG_INFO = NO;
				MTL_FAST_MATH = YES;
				SDKROOT = iphoneos;
				SWIFT_COMPILATION_MODE = wholemodule;
				SWIFT_OPTIMIZATION_LEVEL = "-O";
				VALIDATE_PRODUCT = YES;
			};
			name = Release;
		};
		D35D01ED240DC7E9002B3400 /* Debug */ = {
			isa = XCBuildConfiguration;
			baseConfigurationReference = 801E195A25FB3FA3CB55DAED /* Pods-GithubAllUsers.debug.xcconfig */;
			buildSettings = {
				ASSETCATALOG_COMPILER_APPICON_NAME = AppIcon;
				CODE_SIGN_STYLE = Automatic;
				DEVELOPMENT_TEAM = KL9966D4BN;
				INFOPLIST_FILE = "GithubAllUsers/Supporting FIles/Info.plist";
				LD_RUNPATH_SEARCH_PATHS = (
					"$(inherited)",
					"@executable_path/Frameworks",
				);
				PRODUCT_BUNDLE_IDENTIFIER = laura.com.tw.GithubAllUsers;
				PRODUCT_NAME = "$(TARGET_NAME)";
				SWIFT_VERSION = 5.0;
				TARGETED_DEVICE_FAMILY = "1,2";
			};
			name = Debug;
		};
		D35D01EE240DC7E9002B3400 /* Release */ = {
			isa = XCBuildConfiguration;
			baseConfigurationReference = 05906890242200E7C6A80C21 /* Pods-GithubAllUsers.release.xcconfig */;
			buildSettings = {
				ASSETCATALOG_COMPILER_APPICON_NAME = AppIcon;
				CODE_SIGN_STYLE = Automatic;
				DEVELOPMENT_TEAM = KL9966D4BN;
				INFOPLIST_FILE = "GithubAllUsers/Supporting FIles/Info.plist";
				LD_RUNPATH_SEARCH_PATHS = (
					"$(inherited)",
					"@executable_path/Frameworks",
				);
				PRODUCT_BUNDLE_IDENTIFIER = laura.com.tw.GithubAllUsers;
				PRODUCT_NAME = "$(TARGET_NAME)";
				SWIFT_VERSION = 5.0;
				TARGETED_DEVICE_FAMILY = "1,2";
			};
			name = Release;
		};
/* End XCBuildConfiguration section */

/* Begin XCConfigurationList section */
		D35D01D3240DC7E8002B3400 /* Build configuration list for PBXProject "GithubAllUsers" */ = {
			isa = XCConfigurationList;
			buildConfigurations = (
				D35D01EA240DC7E9002B3400 /* Debug */,
				D35D01EB240DC7E9002B3400 /* Release */,
			);
			defaultConfigurationIsVisible = 0;
			defaultConfigurationName = Release;
		};
		D35D01EC240DC7E9002B3400 /* Build configuration list for PBXNativeTarget "GithubAllUsers" */ = {
			isa = XCConfigurationList;
			buildConfigurations = (
				D35D01ED240DC7E9002B3400 /* Debug */,
				D35D01EE240DC7E9002B3400 /* Release */,
			);
			defaultConfigurationIsVisible = 0;
			defaultConfigurationName = Release;
		};
/* End XCConfigurationList section */
	};
	rootObject = D35D01D0240DC7E8002B3400 /* Project object */;
}
